
Microsoft Visual Studio Solution File, Format Version 12.00
# Visual Studio Version 17
VisualStudioVersion = 17.14.36408.4 d17.14
MinimumVisualStudioVersion = 10.0.40219.1
Project("{FAE04EC0-301F-11D3-BF4B-00C04F79EFBC}") = "HttpServer", "HttpServer.csproj", "{C53AC9ED-3C41-053E-9026-B4A9F37A02DB}"
EndProject
Global
	GlobalSection(SolutionConfigurationPlatforms) = preSolution
		Debug|Any CPU = Debug|Any CPU
		Release|Any CPU = Release|Any CPU
	EndGlobalSection
	GlobalSection(ProjectConfigurationPlatforms) = postSolution
		{C53AC9ED-3C41-053E-9026-B4A9F37A02DB}.Debug|Any CPU.ActiveCfg = Debug|Any CPU
		{C53AC9ED-3C41-053E-9026-B4A9F37A02DB}.Debug|Any CPU.Build.0 = Debug|Any CPU
		{C53AC9ED-3C41-053E-9026-B4A9F37A02DB}.Release|Any CPU.ActiveCfg = Release|Any CPU
		{C53AC9ED-3C41-053E-9026-B4A9F37A02DB}.Release|Any CPU.Build.0 = Release|Any CPU
	EndGlobalSection
	GlobalSection(SolutionProperties) = preSolution
		HideSolutionNode = FALSE
	EndGlobalSection
	GlobalSection(ExtensibilityGlobals) = postSolution
		SolutionGuid = {D33D8A23-F12B-47CA-893F-D95664BCEE25}
	EndGlobalSection
EndGlobal
